
Microsoft Visual Studio Solution File, Format Version 12.00
# Visual Studio Version 17
VisualStudioVersion = 17.0.32126.317
MinimumVisualStudioVersion = 10.0.40219.1
Project("{9A19103F-16F7-4668-BE54-9A1E7A4F7556}") = "HeadlessExample.2021", "HeadlessExample.2021\HeadlessExample.2021.csproj", "{9AFC3EEF-658B-4901-938E-C5A93EF49973}"
EndProject
Global
	GlobalSection(SolutionConfigurationPlatforms) = preSolution
		Debug|Any CPU = Debug|Any CPU
		Release|Any CPU = Release|Any CPU
	EndGlobalSection
	GlobalSection(ProjectConfigurationPlatforms) = postSolution
		{9AFC3EEF-658B-4901-938E-C5A93EF49973}.Debug|Any CPU.ActiveCfg = Debug|Any CPU
		{9AFC3EEF-658B-4901-938E-C5A93EF49973}.Debug|Any CPU.Build.0 = Debug|Any CPU
		{9AFC3EEF-658B-4901-938E-C5A93EF49973}.Release|Any CPU.ActiveCfg = Release|Any CPU
		{9AFC3EEF-658B-4901-938E-C5A93EF49973}.Release|Any CPU.Build.0 = Release|Any CPU
	EndGlobalSection
	GlobalSection(SolutionProperties) = preSolution
		HideSolutionNode = FALSE
	EndGlobalSection
	GlobalSection(ExtensibilityGlobals) = postSolution
		SolutionGuid = {E9BBD204-26CA-43B1-AD3E-E8B89D310222}
	EndGlobalSection
EndGlobal
